// !$*UTF8*$!
{
	archiveVersion = 1;
	classes = {
	};
	objectVersion = 46;
	objects = {

/* Begin PBXBuildFile section */
		50F4908419D0EE3C00A98DEB /* Foundation.framework in Frameworks */ = {isa = PBXBuildFile; fileRef = 50F4908319D0EE3C00A98DEB /* Foundation.framework */; };
		50F4908619D0EE3C00A98DEB /* CoreGraphics.framework in Frameworks */ = {isa = PBXBuildFile; fileRef = 50F4908519D0EE3C00A98DEB /* CoreGraphics.framework */; };
		50F4908819D0EE3C00A98DEB /* UIKit.framework in Frameworks */ = {isa = PBXBuildFile; fileRef = 50F4908719D0EE3C00A98DEB /* UIKit.framework */; };
		50F4908E19D0EE3C00A98DEB /* InfoPlist.strings in Resources */ = {isa = PBXBuildFile; fileRef = 50F4908C19D0EE3C00A98DEB /* InfoPlist.strings */; };
		50F4909019D0EE3C00A98DEB /* main.m in Sources */ = {isa = PBXBuildFile; fileRef = 50F4908F19D0EE3C00A98DEB /* main.m */; };
		50F4909419D0EE3C00A98DEB /* BT_AppDelegate.m in Sources */ = {isa = PBXBuildFile; fileRef = 50F4909319D0EE3C00A98DEB /* BT_AppDelegate.m */; };
		50F4909719D0EE3C00A98DEB /* Main.storyboard in Resources */ = {isa = PBXBuildFile; fileRef = 50F4909519D0EE3C00A98DEB /* Main.storyboard */; };
		50F4909A19D0EE3C00A98DEB /* BT_ViewController.m in Sources */ = {isa = PBXBuildFile; fileRef = 50F4909919D0EE3C00A98DEB /* BT_ViewController.m */; };
		50F4909C19D0EE3C00A98DEB /* Images.xcassets in Resources */ = {isa = PBXBuildFile; fileRef = 50F4909B19D0EE3C00A98DEB /* Images.xcassets */; };
		50F490A319D0EE3C00A98DEB /* XCTest.framework in Frameworks */ = {isa = PBXBuildFile; fileRef = 50F490A219D0EE3C00A98DEB /* XCTest.framework */; };
		50F490A419D0EE3C00A98DEB /* Foundation.framework in Frameworks */ = {isa = PBXBuildFile; fileRef = 50F4908319D0EE3C00A98DEB /* Foundation.framework */; };
		50F490A519D0EE3C00A98DEB /* UIKit.framework in Frameworks */ = {isa = PBXBuildFile; fileRef = 50F4908719D0EE3C00A98DEB /* UIKit.framework */; };
		50F490AD19D0EE3C00A98DEB /* InfoPlist.strings in Resources */ = {isa = PBXBuildFile; fileRef = 50F490AB19D0EE3C00A98DEB /* InfoPlist.strings */; };
		50F490AF19D0EE3C00A98DEB /* Pirate_AdventureTests.m in Sources */ = {isa = PBXBuildFile; fileRef = 50F490AE19D0EE3C00A98DEB /* Pirate_AdventureTests.m */; };
/* End PBXBuildFile section */

/* Begin PBXContainerItemProxy section */
		50F490A619D0EE3C00A98DEB /* PBXContainerItemProxy */ = {
			isa = PBXContainerItemProxy;
			containerPortal = 50F4907819D0EE3B00A98DEB /* Project object */;
			proxyType = 1;
			remoteGlobalIDString = 50F4907F19D0EE3B00A98DEB;
			remoteInfo = "Pirate Adventure";
		};
/* End PBXContainerItemProxy section */

/* Begin PBXFileReference section */
		50F4908019D0EE3C00A98DEB /* Pirate Adventure.app */ = {isa = PBXFileReference; explicitFileType = wrapper.application; includeInIndex = 0; path = "Pirate Adventure.app"; sourceTree = BUILT_PRODUCTS_DIR; };
		50F4908319D0EE3C00A98DEB /* Foundation.framework */ = {isa = PBXFileReference; lastKnownFileType = wrapper.framework; name = Foundation.framework; path = System/Library/Frameworks/Foundation.framework; sourceTree = SDKROOT; };
		50F4908519D0EE3C00A98DEB /* CoreGraphics.framework */ = {isa = PBXFileReference; lastKnownFileType = wrapper.framework; name = CoreGraphics.framework; path = System/Library/Frameworks/CoreGraphics.framework; sourceTree = SDKROOT; };
		50F4908719D0EE3C00A98DEB /* UIKit.framework */ = {isa = PBXFileReference; lastKnownFileType = wrapper.framework; name = UIKit.framework; path = System/Library/Frameworks/UIKit.framework; sourceTree = SDKROOT; };
		50F4908B19D0EE3C00A98DEB /* Pirate Adventure-Info.plist */ = {isa = PBXFileReference; lastKnownFileType = text.plist.xml; path = "Pirate Adventure-Info.plist"; sourceTree = "<group>"; };
		50F4908D19D0EE3C00A98DEB /* en */ = {isa = PBXFileReference; lastKnownFileType = text.plist.strings; name = en; path = en.lproj/InfoPlist.strings; sourceTree = "<group>"; };
		50F4908F19D0EE3C00A98DEB /* main.m */ = {isa = PBXFileReference; lastKnownFileType = sourcecode.c.objc; path = main.m; sourceTree = "<group>"; };
		50F4909119D0EE3C00A98DEB /* Pirate Adventure-Prefix.pch */ = {isa = PBXFileReference; lastKnownFileType = sourcecode.c.h; path = "Pirate Adventure-Prefix.pch"; sourceTree = "<group>"; };
		50F4909219D0EE3C00A98DEB /* BT_AppDelegate.h */ = {isa = PBXFileReference; lastKnownFileType = sourcecode.c.h; path = BT_AppDelegate.h; sourceTree = "<group>"; };
		50F4909319D0EE3C00A98DEB /* BT_AppDelegate.m */ = {isa = PBXFileReference; lastKnownFileType = sourcecode.c.objc; path = BT_AppDelegate.m; sourceTree = "<group>"; };
		50F4909619D0EE3C00A98DEB /* Base */ = {isa = PBXFileReference; lastKnownFileType = file.storyboard; name = Base; path = Base.lproj/Main.storyboard; sourceTree = "<group>"; };
		50F4909819D0EE3C00A98DEB /* BT_ViewController.h */ = {isa = PBXFileReference; lastKnownFileType = sourcecode.c.h; path = BT_ViewController.h; sourceTree = "<group>"; };
		50F4909919D0EE3C00A98DEB /* BT_ViewController.m */ = {isa = PBXFileReference; lastKnownFileType = sourcecode.c.objc; path = BT_ViewController.m; sourceTree = "<group>"; };
		50F4909B19D0EE3C00A98DEB /* Images.xcassets */ = {isa = PBXFileReference; lastKnownFileType = folder.assetcatalog; path = Images.xcassets; sourceTree = "<group>"; };
		50F490A119D0EE3C00A98DEB /* Pirate AdventureTests.xctest */ = {isa = PBXFileReference; explicitFileType = wrapper.cfbundle; includeInIndex = 0; path = "Pirate AdventureTests.xctest"; sourceTree = BUILT_PRODUCTS_DIR; };
		50F490A219D0EE3C00A98DEB /* XCTest.framework */ = {isa = PBXFileReference; lastKnownFileType = wrapper.framework; name = XCTest.framework; path = Library/Frameworks/XCTest.framework; sourceTree = DEVELOPER_DIR; };
		50F490AA19D0EE3C00A98DEB /* Pirate AdventureTests-Info.plist */ = {isa = PBXFileReference; lastKnownFileType = text.plist.xml; path = "Pirate AdventureTests-Info.plist"; sourceTree = "<group>"; };
		50F490AC19D0EE3C00A98DEB /* en */ = {isa = PBXFileReference; lastKnownFileType = text.plist.strings; name = en; path = en.lproj/InfoPlist.strings; sourceTree = "<group>"; };
		50F490AE19D0EE3C00A98DEB /* Pirate_AdventureTests.m */ = {isa = PBXFileReference; lastKnownFileType = sourcecode.c.objc; path = Pirate_AdventureTests.m; sourceTree = "<group>"; };
/* End PBXFileReference section */

/* Begin PBXFrameworksBuildPhase section */
		50F4907D19D0EE3B00A98DEB /* Frameworks */ = {
			isa = PBXFrameworksBuildPhase;
			buildActionMask = 2147483647;
			files = (
				50F4908619D0EE3C00A98DEB /* CoreGraphics.framework in Frameworks */,
				50F4908819D0EE3C00A98DEB /* UIKit.framework in Frameworks */,
				50F4908419D0EE3C00A98DEB /* Foundation.framework in Frameworks */,
			);
			runOnlyForDeploymentPostprocessing = 0;
		};
		50F4909E19D0EE3C00A98DEB /* Frameworks */ = {
			isa = PBXFrameworksBuildPhase;
			buildActionMask = 2147483647;
			files = (
				50F490A319D0EE3C00A98DEB /* XCTest.framework in Frameworks */,
				50F490A519D0EE3C00A98DEB /* UIKit.framework in Frameworks */,
				50F490A419D0EE3C00A98DEB /* Foundation.framework in Frameworks */,
			);
			runOnlyForDeploymentPostprocessing = 0;
		};
/* End PBXFrameworksBuildPhase section */

/* Begin PBXGroup section */
		50F4907719D0EE3B00A98DEB = {
			isa = PBXGroup;
			children = (
				50F4908919D0EE3C00A98DEB /* Pirate Adventure */,
				50F490A819D0EE3C00A98DEB /* Pirate AdventureTests */,
				50F4908219D0EE3C00A98DEB /* Frameworks */,
				50F4908119D0EE3C00A98DEB /* Products */,
			);
			sourceTree = "<group>";
		};
		50F4908119D0EE3C00A98DEB /* Products */ = {
			isa = PBXGroup;
			children = (
				50F4908019D0EE3C00A98DEB /* Pirate Adventure.app */,
				50F490A119D0EE3C00A98DEB /* Pirate AdventureTests.xctest */,
			);
			name = Products;
			sourceTree = "<group>";
		};
		50F4908219D0EE3C00A98DEB /* Frameworks */ = {
			isa = PBXGroup;
			children = (
				50F4908319D0EE3C00A98DEB /* Foundation.framework */,
				50F4908519D0EE3C00A98DEB /* CoreGraphics.framework */,
				50F4908719D0EE3C00A98DEB /* UIKit.framework */,
				50F490A219D0EE3C00A98DEB /* XCTest.framework */,
			);
			name = Frameworks;
			sourceTree = "<group>";
		};
		50F4908919D0EE3C00A98DEB /* Pirate Adventure */ = {
			isa = PBXGroup;
			children = (
				50F4909219D0EE3C00A98DEB /* BT_AppDelegate.h */,
				50F4909319D0EE3C00A98DEB /* BT_AppDelegate.m */,
				50F4909519D0EE3C00A98DEB /* Main.storyboard */,
				50F4909819D0EE3C00A98DEB /* BT_ViewController.h */,
				50F4909919D0EE3C00A98DEB /* BT_ViewController.m */,
				50F4909B19D0EE3C00A98DEB /* Images.xcassets */,
				50F4908A19D0EE3C00A98DEB /* Supporting Files */,
			);
			path = "Pirate Adventure";
			sourceTree = "<group>";
		};
		50F4908A19D0EE3C00A98DEB /* Supporting Files */ = {
			isa = PBXGroup;
			children = (
				50F4908B19D0EE3C00A98DEB /* Pirate Adventure-Info.plist */,
				50F4908C19D0EE3C00A98DEB /* InfoPlist.strings */,
				50F4908F19D0EE3C00A98DEB /* main.m */,
				50F4909119D0EE3C00A98DEB /* Pirate Adventure-Prefix.pch */,
			);
			name = "Supporting Files";
			sourceTree = "<group>";
		};
		50F490A819D0EE3C00A98DEB /* Pirate AdventureTests */ = {
			isa = PBXGroup;
			children = (
				50F490AE19D0EE3C00A98DEB /* Pirate_AdventureTests.m */,
				50F490A919D0EE3C00A98DEB /* Supporting Files */,
			);
			path = "Pirate AdventureTests";
			sourceTree = "<group>";
		};
		50F490A919D0EE3C00A98DEB /* Supporting Files */ = {
			isa = PBXGroup;
			children = (
				50F490AA19D0EE3C00A98DEB /* Pirate AdventureTests-Info.plist */,
				50F490AB19D0EE3C00A98DEB /* InfoPlist.strings */,
			);
			name = "Supporting Files";
			sourceTree = "<group>";
		};
/* End PBXGroup section */

/* Begin PBXNativeTarget section */
		50F4907F19D0EE3B00A98DEB /* Pirate Adventure */ = {
			isa = PBXNativeTarget;
			buildConfigurationList = 50F490B219D0EE3C00A98DEB /* Build configuration list for PBXNativeTarget "Pirate Adventure" */;
			buildPhases = (
				50F4907C19D0EE3B00A98DEB /* Sources */,
				50F4907D19D0EE3B00A98DEB /* Frameworks */,
				50F4907E19D0EE3B00A98DEB /* Resources */,
			);
			buildRules = (
			);
			dependencies = (
			);
			name = "Pirate Adventure";
			productName = "Pirate Adventure";
			productReference = 50F4908019D0EE3C00A98DEB /* Pirate Adventure.app */;
			productType = "com.apple.product-type.application";
		};
		50F490A019D0EE3C00A98DEB /* Pirate AdventureTests */ = {
			isa = PBXNativeTarget;
			buildConfigurationList = 50F490B519D0EE3C00A98DEB /* Build configuration list for PBXNativeTarget "Pirate AdventureTests" */;
			buildPhases = (
				50F4909D19D0EE3C00A98DEB /* Sources */,
				50F4909E19D0EE3C00A98DEB /* Frameworks */,
				50F4909F19D0EE3C00A98DEB /* Resources */,
			);
			buildRules = (
			);
			dependencies = (
				50F490A719D0EE3C00A98DEB /* PBXTargetDependency */,
			);
			name = "Pirate AdventureTests";
			productName = "Pirate AdventureTests";
			productReference = 50F490A119D0EE3C00A98DEB /* Pirate AdventureTests.xctest */;
			productType = "com.apple.product-type.bundle.unit-test";
		};
/* End PBXNativeTarget section */

/* Begin PBXProject section */
		50F4907819D0EE3B00A98DEB /* Project object */ = {
			isa = PBXProject;
			attributes = {
				CLASSPREFIX = BT_;
				LastUpgradeCheck = 0510;
				ORGANIZATIONNAME = WyvarKahn;
				TargetAttributes = {
					50F490A019D0EE3C00A98DEB = {
						TestTargetID = 50F4907F19D0EE3B00A98DEB;
					};
				};
			};
			buildConfigurationList = 50F4907B19D0EE3B00A98DEB /* Build configuration list for PBXProject "Pirate Adventure" */;
			compatibilityVersion = "Xcode 3.2";
			developmentRegion = English;
			hasScannedForEncodings = 0;
			knownRegions = (
				en,
				Base,
			);
			mainGroup = 50F4907719D0EE3B00A98DEB;
			productRefGroup = 50F4908119D0EE3C00A98DEB /* Products */;
			projectDirPath = "";
			projectRoot = "";
			targets = (
				50F4907F19D0EE3B00A98DEB /* Pirate Adventure */,
				50F490A019D0EE3C00A98DEB /* Pirate AdventureTests */,
			);
		};
/* End PBXProject section */

/* Begin PBXResourcesBuildPhase section */
		50F4907E19D0EE3B00A98DEB /* Resources */ = {
			isa = PBXResourcesBuildPhase;
			buildActionMask = 2147483647;
			files = (
				50F4909C19D0EE3C00A98DEB /* Images.xcassets in Resources */,
				50F4908E19D0EE3C00A98DEB /* InfoPlist.strings in Resources */,
				50F4909719D0EE3C00A98DEB /* Main.storyboard in Resources */,
			);
			runOnlyForDeploymentPostprocessing = 0;
		};
		50F4909F19D0EE3C00A98DEB /* Resources */ = {
			isa = PBXResourcesBuildPhase;
			buildActionMask = 2147483647;
			files = (
				50F490AD19D0EE3C00A98DEB /* InfoPlist.strings in Resources */,
			);
			runOnlyForDeploymentPostprocessing = 0;
		};
/* End PBXResourcesBuildPhase section */

/* Begin PBXSourcesBuildPhase section */
		50F4907C19D0EE3B00A98DEB /* Sources */ = {
			isa = PBXSourcesBuildPhase;
			buildActionMask = 2147483647;
			files = (
				50F4909419D0EE3C00A98DEB /* BT_AppDelegate.m in Sources */,
				50F4909A19D0EE3C00A98DEB /* BT_ViewController.m in Sources */,
				50F4909019D0EE3C00A98DEB /* main.m in Sources */,
			);
			runOnlyForDeploymentPostprocessing = 0;
		};
		50F4909D19D0EE3C00A98DEB /* Sources */ = {
			isa = PBXSourcesBuildPhase;
			buildActionMask = 2147483647;
			files = (
				50F490AF19D0EE3C00A98DEB /* Pirate_AdventureTests.m in Sources */,
			);
			runOnlyForDeploymentPostprocessing = 0;
		};
/* End PBXSourcesBuildPhase section */

/* Begin PBXTargetDependency section */
		50F490A719D0EE3C00A98DEB /* PBXTargetDependency */ = {
			isa = PBXTargetDependency;
			target = 50F4907F19D0EE3B00A98DEB /* Pirate Adventure */;
			targetProxy = 50F490A619D0EE3C00A98DEB /* PBXContainerItemProxy */;
		};
/* End PBXTargetDependency section */

/* Begin PBXVariantGroup section */
		50F4908C19D0EE3C00A98DEB /* InfoPlist.strings */ = {
			isa = PBXVariantGroup;
			children = (
				50F4908D19D0EE3C00A98DEB /* en */,
			);
			name = InfoPlist.strings;
			sourceTree = "<group>";
		};
		50F4909519D0EE3C00A98DEB /* Main.storyboard */ = {
			isa = PBXVariantGroup;
			children = (
				50F4909619D0EE3C00A98DEB /* Base */,
			);
			name = Main.storyboard;
			sourceTree = "<group>";
		};
		50F490AB19D0EE3C00A98DEB /* InfoPlist.strings */ = {
			isa = PBXVariantGroup;
			children = (
				50F490AC19D0EE3C00A98DEB /* en */,
			);
			name = InfoPlist.strings;
			sourceTree = "<group>";
		};
/* End PBXVariantGroup section */

/* Begin XCBuildConfiguration section */
		50F490B019D0EE3C00A98DEB /* Debug */ = {
			isa = XCBuildConfiguration;
			buildSettings = {
				ALWAYS_SEARCH_USER_PATHS = NO;
				CLANG_CXX_LANGUAGE_STANDARD = "gnu++0x";
				CLANG_CXX_LIBRARY = "libc++";
				CLANG_ENABLE_MODULES = YES;
				CLANG_ENABLE_OBJC_ARC = YES;
				CLANG_WARN_BOOL_CONVERSION = YES;
				CLANG_WARN_CONSTANT_CONVERSION = YES;
				CLANG_WARN_DIRECT_OBJC_ISA_USAGE = YES_ERROR;
				CLANG_WARN_EMPTY_BODY = YES;
				CLANG_WARN_ENUM_CONVERSION = YES;
				CLANG_WARN_INT_CONVERSION = YES;
				CLANG_WARN_OBJC_ROOT_CLASS = YES_ERROR;
				CLANG_WARN__DUPLICATE_METHOD_MATCH = YES;
				"CODE_SIGN_IDENTITY[sdk=iphoneos*]" = "iPhone Developer";
				COPY_PHASE_STRIP = NO;
				GCC_C_LANGUAGE_STANDARD = gnu99;
				GCC_DYNAMIC_NO_PIC = NO;
				GCC_OPTIMIZATION_LEVEL = 0;
				GCC_PREPROCESSOR_DEFINITIONS = (
					"DEBUG=1",
					"$(inherited)",
				);
				GCC_SYMBOLS_PRIVATE_EXTERN = NO;
				GCC_WARN_64_TO_32_BIT_CONVERSION = YES;
				GCC_WARN_ABOUT_RETURN_TYPE = YES_ERROR;
				GCC_WARN_UNDECLARED_SELECTOR = YES;
				GCC_WARN_UNINITIALIZED_AUTOS = YES_AGGRESSIVE;
				GCC_WARN_UNUSED_FUNCTION = YES;
				GCC_WARN_UNUSED_VARIABLE = YES;
				IPHONEOS_DEPLOYMENT_TARGET = 7.1;
				ONLY_ACTIVE_ARCH = YES;
				SDKROOT = iphoneos;
			};
			name = Debug;
		};
		50F490B119D0EE3C00A98DEB /* Release */ = {
			isa = XCBuildConfiguration;
			buildSettings = {
				ALWAYS_SEARCH_USER_PATHS = NO;
				CLANG_CXX_LANGUAGE_STANDARD = "gnu++0x";
				CLANG_CXX_LIBRARY = "libc++";
				CLANG_ENABLE_MODULES = YES;
				CLANG_ENABLE_OBJC_ARC = YES;
				CLANG_WARN_BOOL_CONVERSION = YES;
				CLANG_WARN_CONSTANT_CONVERSION = YES;
				CLANG_WARN_DIRECT_OBJC_ISA_USAGE = YES_ERROR;
				CLANG_WARN_EMPTY_BODY = YES;
				CLANG_WARN_ENUM_CONVERSION = YES;
				CLANG_WARN_INT_CONVERSION = YES;
				CLANG_WARN_OBJC_ROOT_CLASS = YES_ERROR;
				CLANG_WARN__DUPLICATE_METHOD_MATCH = YES;
				"CODE_SIGN_IDENTITY[sdk=iphoneos*]" = "iPhone Developer";
				COPY_PHASE_STRIP = YES;
				ENABLE_NS_ASSERTIONS = NO;
				GCC_C_LANGUAGE_STANDARD = gnu99;
				GCC_WARN_64_TO_32_BIT_CONVERSION = YES;
				GCC_WARN_ABOUT_RETURN_TYPE = YES_ERROR;
				GCC_WARN_UNDECLARED_SELECTOR = YES;
				GCC_WARN_UNINITIALIZED_AUTOS = YES_AGGRESSIVE;
				GCC_WARN_UNUSED_FUNCTION = YES;
				GCC_WARN_UNUSED_VARIABLE = YES;
				IPHONEOS_DEPLOYMENT_TARGET = 7.1;
				SDKROOT = iphoneos;
				VALIDATE_PRODUCT = YES;
			};
			name = Release;
		};
		50F490B319D0EE3C00A98DEB /* Debug */ = {
			isa = XCBuildConfiguration;
			buildSettings = {
				ASSETCATALOG_COMPILER_APPICON_NAME = AppIcon;
				ASSETCATALOG_COMPILER_LAUNCHIMAGE_NAME = LaunchImage;
				GCC_PRECOMPILE_PREFIX_HEADER = YES;
				GCC_PREFIX_HEADER = "Pirate Adventure/Pirate Adventure-Prefix.pch";
				INFOPLIST_FILE = "Pirate Adventure/Pirate Adventure-Info.plist";
				PRODUCT_NAME = "$(TARGET_NAME)";
				WRAPPER_EXTENSION = app;
			};
			name = Debug;
		};
		50F490B419D0EE3C00A98DEB /* Release */ = {
			isa = XCBuildConfiguration;
			buildSettings = {
				ASSETCATALOG_COMPILER_APPICON_NAME = AppIcon;
				ASSETCATALOG_COMPILER_LAUNCHIMAGE_NAME = LaunchImage;
				GCC_PRECOMPILE_PREFIX_HEADER = YES;
				GCC_PREFIX_HEADER = "Pirate Adventure/Pirate Adventure-Prefix.pch";
				INFOPLIST_FILE = "Pirate Adventure/Pirate Adventure-Info.plist";
				PRODUCT_NAME = "$(TARGET_NAME)";
				WRAPPER_EXTENSION = app;
			};
			name = Release;
		};
		50F490B619D0EE3C00A98DEB /* Debug */ = {
			isa = XCBuildConfiguration;
			buildSettings = {
				BUNDLE_LOADER = "$(BUILT_PRODUCTS_DIR)/Pirate Adventure.app/Pirate Adventure";
				FRAMEWORK_SEARCH_PATHS = (
					"$(SDKROOT)/Developer/Library/Frameworks",
					"$(inherited)",
					"$(DEVELOPER_FRAMEWORKS_DIR)",
				);
				GCC_PRECOMPILE_PREFIX_HEADER = YES;
				GCC_PREFIX_HEADER = "Pirate Adventure/Pirate Adventure-Prefix.pch";
				GCC_PREPROCESSOR_DEFINITIONS = (
					"DEBUG=1",
					"$(inherited)",
				);
				INFOPLIST_FILE = "Pirate AdventureTests/Pirate AdventureTests-Info.plist";
				PRODUCT_NAME = "$(TARGET_NAME)";
				TEST_HOST = "$(BUNDLE_LOADER)";
				WRAPPER_EXTENSION = xctest;
			};
			name = Debug;
		};
		50F490B719D0EE3C00A98DEB /* Release */ = {
			isa = XCBuildConfiguration;
			buildSettings = {
				BUNDLE_LOADER = "$(BUILT_PRODUCTS_DIR)/Pirate Adventure.app/Pirate Adventure";
				FRAMEWORK_SEARCH_PATHS = (
					"$(SDKROOT)/Developer/Library/Frameworks",
					"$(inherited)",
					"$(DEVELOPER_FRAMEWORKS_DIR)",
				);
				GCC_PRECOMPILE_PREFIX_HEADER = YES;
				GCC_PREFIX_HEADER = "Pirate Adventure/Pirate Adventure-Prefix.pch";
				INFOPLIST_FILE = "Pirate AdventureTests/Pirate AdventureTests-Info.plist";
				PRODUCT_NAME = "$(TARGET_NAME)";
				TEST_HOST = "$(BUNDLE_LOADER)";
				WRAPPER_EXTENSION = xctest;
			};
			name = Release;
		};
/* End XCBuildConfiguration section */

/* Begin XCConfigurationList section */
		50F4907B19D0EE3B00A98DEB /* Build configuration list for PBXProject "Pirate Adventure" */ = {
			isa = XCConfigurationList;
			buildConfigurations = (
				50F490B019D0EE3C00A98DEB /* Debug */,
				50F490B119D0EE3C00A98DEB /* Release */,
			);
			defaultConfigurationIsVisible = 0;
			defaultConfigurationName = Release;
		};
		50F490B219D0EE3C00A98DEB /* Build configuration list for PBXNativeTarget "Pirate Adventure" */ = {
			isa = XCConfigurationList;
			buildConfigurations = (
				50F490B319D0EE3C00A98DEB /* Debug */,
				50F490B419D0EE3C00A98DEB /* Release */,
			);
			defaultConfigurationIsVisible = 0;
		};
		50F490B519D0EE3C00A98DEB /* Build configuration list for PBXNativeTarget "Pirate AdventureTests" */ = {
			isa = XCConfigurationList;
			buildConfigurations = (
				50F490B619D0EE3C00A98DEB /* Debug */,
				50F490B719D0EE3C00A98DEB /* Release */,
			);
			defaultConfigurationIsVisible = 0;
		};
/* End XCConfigurationList section */
	};
	rootObject = 50F4907819D0EE3B00A98DEB /* Project object */;
}
